Microsoft Visual Studio Solution File, Format Version 12.00
# Visual Studio 15
VisualStudioVersion = 15.0.26730.3
MinimumVisualStudioVersion = 10.0.40219.1
Project("{9A19103F-16F7-4668-BE54-9A1E7A4F7556}") = "Geode", "Geode\Geode.csproj", "{0A91493B-10A3-4935-90B9-1815504C19EE}"
EndProject
Project("{9A19103F-16F7-4668-BE54-9A1E7A4F7556}") = "Geode.Tests", "Geode.Tests\Geode.Tests.csproj", "{5267BB8F-32E3-4CC8-B0AF-88DDEBCEC863}"
EndProject
Project("{2150E333-8FDC-42A3-9474-1A3956D46DE8}") = "Solution Items", "Solution Items", "{1AA7168E-9340-4E19-81CA-CF78124F2DC1}"
	ProjectSection(SolutionItems) = preProject
		README.md = README.md
	EndProjectSection
EndProject
Global
	GlobalSection(SolutionConfigurationPlatforms) = preSolution
		Debug|Any CPU = Debug|Any CPU
		Debug|x64 = Debug|x64
		Debug|x86 = Debug|x86
		Release|Any CPU = Release|Any CPU
		Release|x64 = Release|x64
		Release|x86 = Release|x86
	EndGlobalSection
	GlobalSection(ProjectConfigurationPlatforms) = postSolution
		{0A91493B-10A3-4935-90B9-1815504C19EE}.Debug|Any CPU.ActiveCfg = Debug|Any CPU
		{0A91493B-10A3-4935-90B9-1815504C19EE}.Debug|Any CPU.Build.0 = Debug|Any CPU
		{0A91493B-10A3-4935-90B9-1815504C19EE}.Debug|x64.ActiveCfg = Debug|Any CPU
		{0A91493B-10A3-4935-90B9-1815504C19EE}.Debug|x64.Build.0 = Debug|Any CPU
		{0A91493B-10A3-4935-90B9-1815504C19EE}.Debug|x86.ActiveCfg = Debug|Any CPU
		{0A91493B-10A3-4935-90B9-1815504C19EE}.Debug|x86.Build.0 = Debug|Any CPU
		{0A91493B-10A3-4935-90B9-1815504C19EE}.Release|Any CPU.ActiveCfg = Release|Any CPU
		{0A91493B-10A3-4935-90B9-1815504C19EE}.Release|Any CPU.Build.0 = Release|Any CPU
		{0A91493B-10A3-4935-90B9-1815504C19EE}.Release|x64.ActiveCfg = Release|Any CPU
		{0A91493B-10A3-4935-90B9-1815504C19EE}.Release|x64.Build.0 = Release|Any CPU
		{0A91493B-10A3-4935-90B9-1815504C19EE}.Release|x86.ActiveCfg = Release|Any CPU
		{0A91493B-10A3-4935-90B9-1815504C19EE}.Release|x86.Build.0 = Release|Any CPU
		{5267BB8F-32E3-4CC8-B0AF-88DDEBCEC863}.Debug|Any CPU.ActiveCfg = Debug|Any CPU
		{5267BB8F-32E3-4CC8-B0AF-88DDEBCEC863}.Debug|Any CPU.Build.0 = Debug|Any CPU
		{5267BB8F-32E3-4CC8-B0AF-88DDEBCEC863}.Debug|x64.ActiveCfg = Debug|Any CPU
		{5267BB8F-32E3-4CC8-B0AF-88DDEBCEC863}.Debug|x64.Build.0 = Debug|Any CPU
		{5267BB8F-32E3-4CC8-B0AF-88DDEBCEC863}.Debug|x86.ActiveCfg = Debug|Any CPU
		{5267BB8F-32E3-4CC8-B0AF-88DDEBCEC863}.Debug|x86.Build.0 = Debug|Any CPU
		{5267BB8F-32E3-4CC8-B0AF-88DDEBCEC863}.Release|Any CPU.ActiveCfg = Release|Any CPU
		{5267BB8F-32E3-4CC8-B0AF-88DDEBCEC863}.Release|Any CPU.Build.0 = Release|Any CPU
		{5267BB8F-32E3-4CC8-B0AF-88DDEBCEC863}.Release|x64.ActiveCfg = Release|Any CPU
		{5267BB8F-32E3-4CC8-B0AF-88DDEBCEC863}.Release|x64.Build.0 = Release|Any CPU
		{5267BB8F-32E3-4CC8-B0AF-88DDEBCEC863}.Release|x86.ActiveCfg = Release|Any CPU
		{5267BB8F-32E3-4CC8-B0AF-88DDEBCEC863}.Release|x86.Build.0 = Release|Any CPU
	EndGlobalSection
	GlobalSection(SolutionProperties) = preSolution
		HideSolutionNode = FALSE
	EndGlobalSection
	GlobalSection(ExtensibilityGlobals) = postSolution
		SolutionGuid = {A3A854B3-1C31-432F-982C-029EC4E8AB19}
	EndGlobalSection
EndGlobal
